
Microsoft Visual Studio Solution File, Format Version 12.00
# Visual Studio Version 17
VisualStudioVersion = 17.0.31919.166
MinimumVisualStudioVersion = 10.0.40219.1
Project("{FAE04EC0-301F-11D3-BF4B-00C04F79EFBC}") = "Qoin", "Qoin\Qoin.csproj", "{77A8CCA1-3AE7-4470-9F7F-683D5FCF5F3A}"
EndProject
Global
	GlobalSection(SolutionConfigurationPlatforms) = preSolution
		Debug|Any CPU = Debug|Any CPU
		Release|Any CPU = Release|Any CPU
	EndGlobalSection
	GlobalSection(ProjectConfigurationPlatforms) = postSolution
		{77A8CCA1-3AE7-4470-9F7F-683D5FCF5F3A}.Debug|Any CPU.ActiveCfg = Debug|Any CPU
		{77A8CCA1-3AE7-4470-9F7F-683D5FCF5F3A}.Debug|Any CPU.Build.0 = Debug|Any CPU
		{77A8CCA1-3AE7-4470-9F7F-683D5FCF5F3A}.Release|Any CPU.ActiveCfg = Release|Any CPU
		{77A8CCA1-3AE7-4470-9F7F-683D5FCF5F3A}.Release|Any CPU.Build.0 = Release|Any CPU
	EndGlobalSection
	GlobalSection(SolutionProperties) = preSolution
		HideSolutionNode = FALSE
	EndGlobalSection
	GlobalSection(ExtensibilityGlobals) = postSolution
		SolutionGuid = {30FF2059-2505-4E4C-8C55-541E907C3413}
	EndGlobalSection
EndGlobal
